
Microsoft Visual Studio Solution File, Format Version 12.00
# Visual Studio Version 17
VisualStudioVersion = 17.8.34330.188
MinimumVisualStudioVersion = 10.0.40219.1
Project("{9A19103F-16F7-4668-BE54-9A1E7A4F7556}") = "WebApplicationApi", "WebApplicationApi\WebApplicationApi.csproj", "{E0AD10E6-6660-4A7B-98AC-87542D429DDE}"
EndProject
Project("{FAE04EC0-301F-11D3-BF4B-00C04F79EFBC}") = "Tests", "Tests\Tests.csproj", "{98EB5C1D-AE1B-45E3-9417-1E4F218FDE67}"
EndProject
Global
	GlobalSection(SolutionConfigurationPlatforms) = preSolution
		Debug|Any CPU = Debug|Any CPU
		Release|Any CPU = Release|Any CPU
	EndGlobalSection
	GlobalSection(ProjectConfigurationPlatforms) = postSolution
		{E0AD10E6-6660-4A7B-98AC-87542D429DDE}.Debug|Any CPU.ActiveCfg = Debug|Any CPU
		{E0AD10E6-6660-4A7B-98AC-87542D429DDE}.Debug|Any CPU.Build.0 = Debug|Any CPU
		{E0AD10E6-6660-4A7B-98AC-87542D429DDE}.Release|Any CPU.ActiveCfg = Release|Any CPU
		{E0AD10E6-6660-4A7B-98AC-87542D429DDE}.Release|Any CPU.Build.0 = Release|Any CPU
		{98EB5C1D-AE1B-45E3-9417-1E4F218FDE67}.Debug|Any CPU.ActiveCfg = Debug|Any CPU
		{98EB5C1D-AE1B-45E3-9417-1E4F218FDE67}.Debug|Any CPU.Build.0 = Debug|Any CPU
		{98EB5C1D-AE1B-45E3-9417-1E4F218FDE67}.Release|Any CPU.ActiveCfg = Release|Any CPU
		{98EB5C1D-AE1B-45E3-9417-1E4F218FDE67}.Release|Any CPU.Build.0 = Release|Any CPU
	EndGlobalSection
	GlobalSection(SolutionProperties) = preSolution
		HideSolutionNode = FALSE
	EndGlobalSection
	GlobalSection(ExtensibilityGlobals) = postSolution
		SolutionGuid = {CE41B630-1BE8-4FF2-9131-478545275B11}
	EndGlobalSection
EndGlobal
